
Microsoft Visual Studio Solution File, Format Version 12.00
# Visual Studio Version 17
VisualStudioVersion = 17.7.34009.444
MinimumVisualStudioVersion = 10.0.40219.1
Project("{FAE04EC0-301F-11D3-BF4B-00C04F79EFBC}") = "Ejercicio2", "Ejercicio2\Ejercicio2.csproj", "{D848351E-CDDC-4C75-BA95-2D2E744C030C}"
EndProject
Global
	GlobalSection(SolutionConfigurationPlatforms) = preSolution
		Debug|Any CPU = Debug|Any CPU
		Release|Any CPU = Release|Any CPU
	EndGlobalSection
	GlobalSection(ProjectConfigurationPlatforms) = postSolution
		{D848351E-CDDC-4C75-BA95-2D2E744C030C}.Debug|Any CPU.ActiveCfg = Debug|Any CPU
		{D848351E-CDDC-4C75-BA95-2D2E744C030C}.Debug|Any CPU.Build.0 = Debug|Any CPU
		{D848351E-CDDC-4C75-BA95-2D2E744C030C}.Release|Any CPU.ActiveCfg = Release|Any CPU
		{D848351E-CDDC-4C75-BA95-2D2E744C030C}.Release|Any CPU.Build.0 = Release|Any CPU
	EndGlobalSection
	GlobalSection(SolutionProperties) = preSolution
		HideSolutionNode = FALSE
	EndGlobalSection
	GlobalSection(ExtensibilityGlobals) = postSolution
		SolutionGuid = {88F7E3F2-C953-4BFE-9634-DEE3D503947D}
	EndGlobalSection
EndGlobal
